Microsoft Visual Studio Solution File, Format Version 12.00
# Visual Studio Version 17
VisualStudioVersion = 17.5.2.0
MinimumVisualStudioVersion = 10.0.40219.1
Project("{2150E333-8FDC-42A3-9474-1A3956D46DE8}") = "tests", "tests", "{5979AD72-0515-4E73-8E4A-904607E61263}"
EndProject
Project("{FAE04EC0-301F-11D3-BF4B-00C04F79EFBC}") = "EmailQueue.API.Tests", "tests\EmailQueue.API.Tests\EmailQueue.API.Tests.csproj", "{502839FC-8574-4AF0-83A7-2540B63C866A}"
EndProject
Project("{FAE04EC0-301F-11D3-BF4B-00C04F79EFBC}") = "Sample.WebApp", "samples\Sample.WebApp\Sample.WebApp.csproj", "{48F484B9-2F9C-4ECB-85B5-5D7E00C50EB3}"
EndProject
Project("{2150E333-8FDC-42A3-9474-1A3956D46DE8}") = "samples", "samples", "{2491C15C-DD19-48A2-A881-ADD0F95A16F8}"
EndProject
Project("{FAE04EC0-301F-11D3-BF4B-00C04F79EFBC}") = "EmailQueue.API", "src\EmailQueue.API\EmailQueue.API.csproj", "{3CB4BBE7-530F-4ECC-AEC5-5814AB721D07}"
EndProject
Global
	GlobalSection(SolutionConfigurationPlatforms) = preSolution
		Debug|Any CPU = Debug|Any CPU
		Release|Any CPU = Release|Any CPU
	EndGlobalSection
	GlobalSection(ProjectConfigurationPlatforms) = postSolution
		{502839FC-8574-4AF0-83A7-2540B63C866A}.Debug|Any CPU.ActiveCfg = Debug|Any CPU
		{502839FC-8574-4AF0-83A7-2540B63C866A}.Debug|Any CPU.Build.0 = Debug|Any CPU
		{502839FC-8574-4AF0-83A7-2540B63C866A}.Release|Any CPU.ActiveCfg = Release|Any CPU
		{502839FC-8574-4AF0-83A7-2540B63C866A}.Release|Any CPU.Build.0 = Release|Any CPU
		{48F484B9-2F9C-4ECB-85B5-5D7E00C50EB3}.Debug|Any CPU.ActiveCfg = Debug|Any CPU
		{48F484B9-2F9C-4ECB-85B5-5D7E00C50EB3}.Debug|Any CPU.Build.0 = Debug|Any CPU
		{48F484B9-2F9C-4ECB-85B5-5D7E00C50EB3}.Release|Any CPU.ActiveCfg = Release|Any CPU
		{48F484B9-2F9C-4ECB-85B5-5D7E00C50EB3}.Release|Any CPU.Build.0 = Release|Any CPU
		{3CB4BBE7-530F-4ECC-AEC5-5814AB721D07}.Debug|Any CPU.ActiveCfg = Debug|Any CPU
		{3CB4BBE7-530F-4ECC-AEC5-5814AB721D07}.Debug|Any CPU.Build.0 = Debug|Any CPU
		{3CB4BBE7-530F-4ECC-AEC5-5814AB721D07}.Release|Any CPU.ActiveCfg = Release|Any CPU
		{3CB4BBE7-530F-4ECC-AEC5-5814AB721D07}.Release|Any CPU.Build.0 = Release|Any CPU
	EndGlobalSection
	GlobalSection(SolutionProperties) = preSolution
		HideSolutionNode = FALSE
	EndGlobalSection
	GlobalSection(ExtensibilityGlobals) = postSolution
		SolutionGuid = {E2BA8374-10D7-467E-BBA7-2E960908007C}
	EndGlobalSection
	GlobalSection(NestedProjects) = preSolution
		{502839FC-8574-4AF0-83A7-2540B63C866A} = {5979AD72-0515-4E73-8E4A-904607E61263}
		{48F484B9-2F9C-4ECB-85B5-5D7E00C50EB3} = {2491C15C-DD19-48A2-A881-ADD0F95A16F8}
	EndGlobalSection
EndGlobal
